// !$*UTF8*$!
{
	archiveVersion = 1;
	classes = {
	};
	objectVersion = 56;
	objects = {

/* Begin PBXBuildFile section */
		4E4A3B7B2C03303700EBE319 /* SSUserDefaults.swift in Sources */ = {isa = PBXBuildFile; fileRef = 4E4A3B7A2C03303700EBE319 /* SSUserDefaults.swift */; };
		4E4A3B8E2C04C62D00EBE319 /* TravelModel.swift in Sources */ = {isa = PBXBuildFile; fileRef = 4E4A3B8D2C04C62D00EBE319 /* TravelModel.swift */; };
		4E4A3B912C04C79A00EBE319 /* CityTableViewCell.xib in Resources */ = {isa = PBXBuildFile; fileRef = 4E4A3B902C04C79A00EBE319 /* CityTableViewCell.xib */; };
		4E4A3B922C04C79A00EBE319 /* CityTableViewCell.swift in Sources */ = {isa = PBXBuildFile; fileRef = 4E4A3B8F2C04C79A00EBE319 /* CityTableViewCell.swift */; };
		4E4A3B952C04C83400EBE319 /* CityViewController.swift in Sources */ = {isa = PBXBuildFile; fileRef = 4E4A3B942C04C83400EBE319 /* CityViewController.swift */; };
		4ECF22552C04D9FF007E6DCE /* AdTableViewCell.swift in Sources */ = {isa = PBXBuildFile; fileRef = 4ECF22532C04D9FF007E6DCE /* AdTableViewCell.swift */; };
		4ECF22562C04D9FF007E6DCE /* AdTableViewCell.xib in Resources */ = {isa = PBXBuildFile; fileRef = 4ECF22542C04D9FF007E6DCE /* AdTableViewCell.xib */; };
		4ECF22952C05DB1E007E6DCE /* UIColor+Extension.swift in Sources */ = {isa = PBXBuildFile; fileRef = 4ECF22942C05DB1E007E6DCE /* UIColor+Extension.swift */; };
		4EFC6B362C00940C00421377 /* AppDelegate.swift in Sources */ = {isa = PBXBuildFile; fileRef = 4EFC6B352C00940C00421377 /* AppDelegate.swift */; };
		4EFC6B382C00940C00421377 /* SceneDelegate.swift in Sources */ = {isa = PBXBuildFile; fileRef = 4EFC6B372C00940C00421377 /* SceneDelegate.swift */; };
		4EFC6B3D2C00940C00421377 /* Base in Resources */ = {isa = PBXBuildFile; fileRef = 4EFC6B3C2C00940C00421377 /* Base */; };
		4EFC6B3F2C00940D00421377 /* Assets.xcassets in Resources */ = {isa = PBXBuildFile; fileRef = 4EFC6B3E2C00940D00421377 /* Assets.xcassets */; };
		4EFC6B422C00940D00421377 /* Base in Resources */ = {isa = PBXBuildFile; fileRef = 4EFC6B412C00940D00421377 /* Base */; };
		4EFC6B4B2C00954100421377 /* ShoppingTableViewCell.swift in Sources */ = {isa = PBXBuildFile; fileRef = 4EFC6B4A2C00954100421377 /* ShoppingTableViewCell.swift */; };
		4EFC6B4D2C00955400421377 /* ShoppingTableViewController.swift in Sources */ = {isa = PBXBuildFile; fileRef = 4EFC6B4C2C00955400421377 /* ShoppingTableViewController.swift */; };
		4EFC6B4F2C01E40000421377 /* MagazineInfo.swift in Sources */ = {isa = PBXBuildFile; fileRef = 4EFC6B4E2C01E40000421377 /* MagazineInfo.swift */; };
		4EFC6B522C01E5EE00421377 /* TravelTableViewController.swift in Sources */ = {isa = PBXBuildFile; fileRef = 4EFC6B512C01E5EE00421377 /* TravelTableViewController.swift */; };
		4EFC6B542C01E5FC00421377 /* TravelTableViewCell.swift in Sources */ = {isa = PBXBuildFile; fileRef = 4EFC6B532C01E5FC00421377 /* TravelTableViewCell.swift */; };
		4EFC6B562C01E6E700421377 /* Identifiers.swift in Sources */ = {isa = PBXBuildFile; fileRef = 4EFC6B552C01E6E700421377 /* Identifiers.swift */; };
		4EFC6B592C01EC0600421377 /* Kingfisher in Frameworks */ = {isa = PBXBuildFile; productRef = 4EFC6B582C01EC0600421377 /* Kingfisher */; };
		4EFC6B5B2C01F11C00421377 /* Restaurant.swift in Sources */ = {isa = PBXBuildFile; fileRef = 4EFC6B5A2C01F11C00421377 /* Restaurant.swift */; };
		4EFC6B602C01F3E300421377 /* RestaurantTableViewController.swift in Sources */ = {isa = PBXBuildFile; fileRef = 4EFC6B5F2C01F3E300421377 /* RestaurantTableViewController.swift */; };
		4EFC6B622C01F52A00421377 /* RestaurantTableViewCell.swift in Sources */ = {isa = PBXBuildFile; fileRef = 4EFC6B612C01F52A00421377 /* RestaurantTableViewCell.swift */; };
/* End PBXBuildFile section */

/* Begin PBXFileReference section */
		4E4A3B7A2C03303700EBE319 /* SSUserDefaults.swift */ = {isa = PBXFileReference; lastKnownFileType = sourcecode.swift; path = SSUserDefaults.swift; sourceTree = "<group>"; };
		4E4A3B8D2C04C62D00EBE319 /* TravelModel.swift */ = {isa = PBXFileReference; fileEncoding = 4; lastKnownFileType = sourcecode.swift; path = TravelModel.swift; sourceTree = "<group>"; };
		4E4A3B8F2C04C79A00EBE319 /* CityTableViewCell.swift */ = {isa = PBXFileReference; lastKnownFileType = sourcecode.swift; path = CityTableViewCell.swift; sourceTree = "<group>"; };
		4E4A3B902C04C79A00EBE319 /* CityTableViewCell.xib */ = {isa = PBXFileReference; lastKnownFileType = file.xib; path = CityTableViewCell.xib; sourceTree = "<group>"; };
		4E4A3B942C04C83400EBE319 /* CityViewController.swift */ = {isa = PBXFileReference; lastKnownFileType = sourcecode.swift; path = CityViewController.swift; sourceTree = "<group>"; };
		4ECF22532C04D9FF007E6DCE /* AdTableViewCell.swift */ = {isa = PBXFileReference; lastKnownFileType = sourcecode.swift; path = AdTableViewCell.swift; sourceTree = "<group>"; };
		4ECF22542C04D9FF007E6DCE /* AdTableViewCell.xib */ = {isa = PBXFileReference; lastKnownFileType = file.xib; path = AdTableViewCell.xib; sourceTree = "<group>"; };
		4ECF22942C05DB1E007E6DCE /* UIColor+Extension.swift */ = {isa = PBXFileReference; lastKnownFileType = sourcecode.swift; path = "UIColor+Extension.swift"; sourceTree = "<group>"; };
		4EFC6B322C00940C00421377 /* SeSACTravel.app */ = {isa = PBXFileReference; explicitFileType = wrapper.application; includeInIndex = 0; path = SeSACTravel.app; sourceTree = BUILT_PRODUCTS_DIR; };
		4EFC6B352C00940C00421377 /* AppDelegate.swift */ = {isa = PBXFileReference; lastKnownFileType = sourcecode.swift; path = AppDelegate.swift; sourceTree = "<group>"; };
		4EFC6B372C00940C00421377 /* SceneDelegate.swift */ = {isa = PBXFileReference; lastKnownFileType = sourcecode.swift; path = SceneDelegate.swift; sourceTree = "<group>"; };
		4EFC6B3C2C00940C00421377 /* Base */ = {isa = PBXFileReference; lastKnownFileType = file.storyboard; name = Base; path = Base.lproj/Main.storyboard; sourceTree = "<group>"; };
		4EFC6B3E2C00940D00421377 /* Assets.xcassets */ = {isa = PBXFileReference; lastKnownFileType = folder.assetcatalog; path = Assets.xcassets; sourceTree = "<group>"; };
		4EFC6B412C00940D00421377 /* Base */ = {isa = PBXFileReference; lastKnownFileType = file.storyboard; name = Base; path = Base.lproj/LaunchScreen.storyboard; sourceTree = "<group>"; };
		4EFC6B432C00940D00421377 /* Info.plist */ = {isa = PBXFileReference; lastKnownFileType = text.plist.xml; path = Info.plist; sourceTree = "<group>"; };
		4EFC6B4A2C00954100421377 /* ShoppingTableViewCell.swift */ = {isa = PBXFileReference; lastKnownFileType = sourcecode.swift; path = ShoppingTableViewCell.swift; sourceTree = "<group>"; };
		4EFC6B4C2C00955400421377 /* ShoppingTableViewController.swift */ = {isa = PBXFileReference; lastKnownFileType = sourcecode.swift; path = ShoppingTableViewController.swift; sourceTree = "<group>"; };
		4EFC6B4E2C01E40000421377 /* MagazineInfo.swift */ = {isa = PBXFileReference; fileEncoding = 4; lastKnownFileType = sourcecode.swift; path = MagazineInfo.swift; sourceTree = "<group>"; };
		4EFC6B512C01E5EE00421377 /* TravelTableViewController.swift */ = {isa = PBXFileReference; lastKnownFileType = sourcecode.swift; path = TravelTableViewController.swift; sourceTree = "<group>"; };
		4EFC6B532C01E5FC00421377 /* TravelTableViewCell.swift */ = {isa = PBXFileReference; lastKnownFileType = sourcecode.swift; path = TravelTableViewCell.swift; sourceTree = "<group>"; };
		4EFC6B552C01E6E700421377 /* Identifiers.swift */ = {isa = PBXFileReference; lastKnownFileType = sourcecode.swift; path = Identifiers.swift; sourceTree = "<group>"; };
		4EFC6B5A2C01F11C00421377 /* Restaurant.swift */ = {isa = PBXFileReference; fileEncoding = 4; lastKnownFileType = sourcecode.swift; path = Restaurant.swift; sourceTree = "<group>"; };
		4EFC6B5F2C01F3E300421377 /* RestaurantTableViewController.swift */ = {isa = PBXFileReference; lastKnownFileType = sourcecode.swift; path = RestaurantTableViewController.swift; sourceTree = "<group>"; };
		4EFC6B612C01F52A00421377 /* RestaurantTableViewCell.swift */ = {isa = PBXFileReference; lastKnownFileType = sourcecode.swift; path = RestaurantTableViewCell.swift; sourceTree = "<group>"; };
/* End PBXFileReference section */

/* Begin PBXFrameworksBuildPhase section */
		4EFC6B2F2C00940C00421377 /* Frameworks */ = {
			isa = PBXFrameworksBuildPhase;
			buildActionMask = 2147483647;
			files = (
				4EFC6B592C01EC0600421377 /* Kingfisher in Frameworks */,
			);
			runOnlyForDeploymentPostprocessing = 0;
		};
/* End PBXFrameworksBuildPhase section */

/* Begin PBXGroup section */
		4E4A3B932C04C7A100EBE319 /* City */ = {
			isa = PBXGroup;
			children = (
				4E4A3B942C04C83400EBE319 /* CityViewController.swift */,
				4E4A3B8F2C04C79A00EBE319 /* CityTableViewCell.swift */,
				4E4A3B902C04C79A00EBE319 /* CityTableViewCell.xib */,
				4ECF22532C04D9FF007E6DCE /* AdTableViewCell.swift */,
				4ECF22542C04D9FF007E6DCE /* AdTableViewCell.xib */,
			);
			path = City;
			sourceTree = "<group>";
		};
		4ECF22932C05DB0F007E6DCE /* Extension */ = {
			isa = PBXGroup;
			children = (
				4ECF22942C05DB1E007E6DCE /* UIColor+Extension.swift */,
			);
			path = Extension;
			sourceTree = "<group>";
		};
		4EFC6B292C00940C00421377 = {
			isa = PBXGroup;
			children = (
				4EFC6B342C00940C00421377 /* SeSACTravel */,
				4EFC6B332C00940C00421377 /* Products */,
			);
			sourceTree = "<group>";
		};
		4EFC6B332C00940C00421377 /* Products */ = {
			isa = PBXGroup;
			children = (
				4EFC6B322C00940C00421377 /* SeSACTravel.app */,
			);
			name = Products;
			sourceTree = "<group>";
		};
		4EFC6B342C00940C00421377 /* SeSACTravel */ = {
			isa = PBXGroup;
			children = (
				4ECF22932C05DB0F007E6DCE /* Extension */,
				4EFC6B502C01E46F00421377 /* Model */,
				4EFC6B492C0094FD00421377 /* ViewControllers */,
				4EFC6B352C00940C00421377 /* AppDelegate.swift */,
				4EFC6B372C00940C00421377 /* SceneDelegate.swift */,
				4EFC6B3B2C00940C00421377 /* Main.storyboard */,
				4EFC6B3E2C00940D00421377 /* Assets.xcassets */,
				4EFC6B402C00940D00421377 /* LaunchScreen.storyboard */,
				4EFC6B432C00940D00421377 /* Info.plist */,
			);
			path = SeSACTravel;
			sourceTree = "<group>";
		};
		4EFC6B492C0094FD00421377 /* ViewControllers */ = {
			isa = PBXGroup;
			children = (
				4EFC6B5C2C01F38600421377 /* Shopping */,
				4EFC6B5D2C01F38E00421377 /* Travel */,
				4EFC6B5E2C01F3A100421377 /* Restaurant */,
				4E4A3B932C04C7A100EBE319 /* City */,
			);
			path = ViewControllers;
			sourceTree = "<group>";
		};
		4EFC6B502C01E46F00421377 /* Model */ = {
			isa = PBXGroup;
			children = (
				4E4A3B8D2C04C62D00EBE319 /* TravelModel.swift */,
				4EFC6B4E2C01E40000421377 /* MagazineInfo.swift */,
				4EFC6B5A2C01F11C00421377 /* Restaurant.swift */,
				4EFC6B552C01E6E700421377 /* Identifiers.swift */,
				4E4A3B7A2C03303700EBE319 /* SSUserDefaults.swift */,
			);
			path = Model;
			sourceTree = "<group>";
		};
		4EFC6B5C2C01F38600421377 /* Shopping */ = {
			isa = PBXGroup;
			children = (
				4EFC6B4A2C00954100421377 /* ShoppingTableViewCell.swift */,
				4EFC6B4C2C00955400421377 /* ShoppingTableViewController.swift */,
			);
			path = Shopping;
			sourceTree = "<group>";
		};
		4EFC6B5D2C01F38E00421377 /* Travel */ = {
			isa = PBXGroup;
			children = (
				4EFC6B532C01E5FC00421377 /* TravelTableViewCell.swift */,
				4EFC6B512C01E5EE00421377 /* TravelTableViewController.swift */,
			);
			path = Travel;
			sourceTree = "<group>";
		};
		4EFC6B5E2C01F3A100421377 /* Restaurant */ = {
			isa = PBXGroup;
			children = (
				4EFC6B612C01F52A00421377 /* RestaurantTableViewCell.swift */,
				4EFC6B5F2C01F3E300421377 /* RestaurantTableViewController.swift */,
			);
			path = Restaurant;
			sourceTree = "<group>";
		};
/* End PBXGroup section */

/* Begin PBXNativeTarget section */
		4EFC6B312C00940C00421377 /* SeSACTravel */ = {
			isa = PBXNativeTarget;
			buildConfigurationList = 4EFC6B462C00940D00421377 /* Build configuration list for PBXNativeTarget "SeSACTravel" */;
			buildPhases = (
				4EFC6B2E2C00940C00421377 /* Sources */,
				4EFC6B2F2C00940C00421377 /* Frameworks */,
				4EFC6B302C00940C00421377 /* Resources */,
			);
			buildRules = (
			);
			dependencies = (
			);
			name = SeSACTravel;
			packageProductDependencies = (
				4EFC6B582C01EC0600421377 /* Kingfisher */,
			);
			productName = SeSACTravel;
			productReference = 4EFC6B322C00940C00421377 /* SeSACTravel.app */;
			productType = "com.apple.product-type.application";
		};
/* End PBXNativeTarget section */

/* Begin PBXProject section */
		4EFC6B2A2C00940C00421377 /* Project object */ = {
			isa = PBXProject;
			attributes = {
				BuildIndependentTargetsInParallel = 1;
				LastSwiftUpdateCheck = 1540;
				LastUpgradeCheck = 1540;
				TargetAttributes = {
					4EFC6B312C00940C00421377 = {
						CreatedOnToolsVersion = 15.4;
					};
				};
			};
			buildConfigurationList = 4EFC6B2D2C00940C00421377 /* Build configuration list for PBXProject "SeSACTravel" */;
			compatibilityVersion = "Xcode 14.0";
			developmentRegion = en;
			hasScannedForEncodings = 0;
			knownRegions = (
				en,
				Base,
			);
			mainGroup = 4EFC6B292C00940C00421377;
			packageReferences = (
				4EFC6B572C01EC0600421377 /* XCRemoteSwiftPackageReference "Kingfisher" */,
			);
			productRefGroup = 4EFC6B332C00940C00421377 /* Products */;
			projectDirPath = "";
			projectRoot = "";
			targets = (
				4EFC6B312C00940C00421377 /* SeSACTravel */,
			);
		};
/* End PBXProject section */

/* Begin PBXResourcesBuildPhase section */
		4EFC6B302C00940C00421377 /* Resources */ = {
			isa = PBXResourcesBuildPhase;
			buildActionMask = 2147483647;
			files = (
				4ECF22562C04D9FF007E6DCE /* AdTableViewCell.xib in Resources */,
				4EFC6B3F2C00940D00421377 /* Assets.xcassets in Resources */,
				4EFC6B422C00940D00421377 /* Base in Resources */,
				4E4A3B912C04C79A00EBE319 /* CityTableViewCell.xib in Resources */,
				4EFC6B3D2C00940C00421377 /* Base in Resources */,
			);
			runOnlyForDeploymentPostprocessing = 0;
		};
/* End PBXResourcesBuildPhase section */

/* Begin PBXSourcesBuildPhase section */
		4EFC6B2E2C00940C00421377 /* Sources */ = {
			isa = PBXSourcesBuildPhase;
			buildActionMask = 2147483647;
			files = (
				4E4A3B7B2C03303700EBE319 /* SSUserDefaults.swift in Sources */,
				4EFC6B362C00940C00421377 /* AppDelegate.swift in Sources */,
				4EFC6B522C01E5EE00421377 /* TravelTableViewController.swift in Sources */,
				4EFC6B602C01F3E300421377 /* RestaurantTableViewController.swift in Sources */,
				4ECF22952C05DB1E007E6DCE /* UIColor+Extension.swift in Sources */,
				4EFC6B622C01F52A00421377 /* RestaurantTableViewCell.swift in Sources */,
				4EFC6B562C01E6E700421377 /* Identifiers.swift in Sources */,
				4EFC6B542C01E5FC00421377 /* TravelTableViewCell.swift in Sources */,
				4EFC6B4D2C00955400421377 /* ShoppingTableViewController.swift in Sources */,
				4ECF22552C04D9FF007E6DCE /* AdTableViewCell.swift in Sources */,
				4E4A3B922C04C79A00EBE319 /* CityTableViewCell.swift in Sources */,
				4E4A3B8E2C04C62D00EBE319 /* TravelModel.swift in Sources */,
				4EFC6B4B2C00954100421377 /* ShoppingTableViewCell.swift in Sources */,
				4E4A3B952C04C83400EBE319 /* CityViewController.swift in Sources */,
				4EFC6B382C00940C00421377 /* SceneDelegate.swift in Sources */,
				4EFC6B4F2C01E40000421377 /* MagazineInfo.swift in Sources */,
				4EFC6B5B2C01F11C00421377 /* Restaurant.swift in Sources */,
			);
			runOnlyForDeploymentPostprocessing = 0;
		};
/* End PBXSourcesBuildPhase section */

/* Begin PBXVariantGroup section */
		4EFC6B3B2C00940C00421377 /* Main.storyboard */ = {
			isa = PBXVariantGroup;
			children = (
				4EFC6B3C2C00940C00421377 /* Base */,
			);
			name = Main.storyboard;
			sourceTree = "<group>";
		};
		4EFC6B402C00940D00421377 /* LaunchScreen.storyboard */ = {
			isa = PBXVariantGroup;
			children = (
				4EFC6B412C00940D00421377 /* Base */,
			);
			name = LaunchScreen.storyboard;
			sourceTree = "<group>";
		};
/* End PBXVariantGroup section */

/* Begin XCBuildConfiguration section */
		4EFC6B442C00940D00421377 /* Debug */ = {
			isa = XCBuildConfiguration;
			buildSettings = {
				ALWAYS_SEARCH_USER_PATHS = NO;
				ASSETCATALOG_COMPILER_GENERATE_SWIFT_ASSET_SYMBOL_EXTENSIONS = YES;
				CLANG_ANALYZER_NONNULL = YES;
				CLANG_ANALYZER_NUMBER_OBJECT_CONVERSION = YES_AGGRESSIVE;
				CLANG_CXX_LANGUAGE_STANDARD = "gnu++20";
				CLANG_ENABLE_MODULES = YES;
				CLANG_ENABLE_OBJC_ARC = YES;
				CLANG_ENABLE_OBJC_WEAK = YES;
				CLANG_WARN_BLOCK_CAPTURE_AUTORELEASING = YES;
				CLANG_WARN_BOOL_CONVERSION = YES;
				CLANG_WARN_COMMA = YES;
				CLANG_WARN_CONSTANT_CONVERSION = YES;
				CLANG_WARN_DEPRECATED_OBJC_IMPLEMENTATIONS = YES;
				CLANG_WARN_DIRECT_OBJC_ISA_USAGE = YES_ERROR;
				CLANG_WARN_DOCUMENTATION_COMMENTS = YES;
				CLANG_WARN_EMPTY_BODY = YES;
				CLANG_WARN_ENUM_CONVERSION = YES;
				CLANG_WARN_INFINITE_RECURSION = YES;
				CLANG_WARN_INT_CONVERSION = YES;
				CLANG_WARN_NON_LITERAL_NULL_CONVERSION = YES;
				CLANG_WARN_OBJC_IMPLICIT_RETAIN_SELF = YES;
				CLANG_WARN_OBJC_LITERAL_CONVERSION = YES;
				CLANG_WARN_OBJC_ROOT_CLASS = YES_ERROR;
				CLANG_WARN_QUOTED_INCLUDE_IN_FRAMEWORK_HEADER = YES;
				CLANG_WARN_RANGE_LOOP_ANALYSIS = YES;
				CLANG_WARN_STRICT_PROTOTYPES = YES;
				CLANG_WARN_SUSPICIOUS_MOVE = YES;
				CLANG_WARN_UNGUARDED_AVAILABILITY = YES_AGGRESSIVE;
				CLANG_WARN_UNREACHABLE_CODE = YES;
				CLANG_WARN__DUPLICATE_METHOD_MATCH = YES;
				COPY_PHASE_STRIP = NO;
				DEBUG_INFORMATION_FORMAT = dwarf;
				ENABLE_STRICT_OBJC_MSGSEND = YES;
				ENABLE_TESTABILITY = YES;
				ENABLE_USER_SCRIPT_SANDBOXING = YES;
				GCC_C_LANGUAGE_STANDARD = gnu17;
				GCC_DYNAMIC_NO_PIC = NO;
				GCC_NO_COMMON_BLOCKS = YES;
				GCC_OPTIMIZATION_LEVEL = 0;
				GCC_PREPROCESSOR_DEFINITIONS = (
					"DEBUG=1",
					"$(inherited)",
				);
				GCC_WARN_64_TO_32_BIT_CONVERSION = YES;
				GCC_WARN_ABOUT_RETURN_TYPE = YES_ERROR;
				GCC_WARN_UNDECLARED_SELECTOR = YES;
				GCC_WARN_UNINITIALIZED_AUTOS = YES_AGGRESSIVE;
				GCC_WARN_UNUSED_FUNCTION = YES;
				GCC_WARN_UNUSED_VARIABLE = YES;
				IPHONEOS_DEPLOYMENT_TARGET = 17.5;
				LOCALIZATION_PREFERS_STRING_CATALOGS = YES;
				MTL_ENABLE_DEBUG_INFO = INCLUDE_SOURCE;
				MTL_FAST_MATH = YES;
				ONLY_ACTIVE_ARCH = YES;
				SDKROOT = iphoneos;
				SWIFT_ACTIVE_COMPILATION_CONDITIONS = "DEBUG $(inherited)";
				SWIFT_OPTIMIZATION_LEVEL = "-Onone";
			};
			name = Debug;
		};
		4EFC6B452C00940D00421377 /* Release */ = {
			isa = XCBuildConfiguration;
			buildSettings = {
				ALWAYS_SEARCH_USER_PATHS = NO;
				ASSETCATALOG_COMPILER_GENERATE_SWIFT_ASSET_SYMBOL_EXTENSIONS = YES;
				CLANG_ANALYZER_NONNULL = YES;
				CLANG_ANALYZER_NUMBER_OBJECT_CONVERSION = YES_AGGRESSIVE;
				CLANG_CXX_LANGUAGE_STANDARD = "gnu++20";
				CLANG_ENABLE_MODULES = YES;
				CLANG_ENABLE_OBJC_ARC = YES;
				CLANG_ENABLE_OBJC_WEAK = YES;
				CLANG_WARN_BLOCK_CAPTURE_AUTORELEASING = YES;
				CLANG_WARN_BOOL_CONVERSION = YES;
				CLANG_WARN_COMMA = YES;
				CLANG_WARN_CONSTANT_CONVERSION = YES;
				CLANG_WARN_DEPRECATED_OBJC_IMPLEMENTATIONS = YES;
				CLANG_WARN_DIRECT_OBJC_ISA_USAGE = YES_ERROR;
				CLANG_WARN_DOCUMENTATION_COMMENTS = YES;
				CLANG_WARN_EMPTY_BODY = YES;
				CLANG_WARN_ENUM_CONVERSION = YES;
				CLANG_WARN_INFINITE_RECURSION = YES;
				CLANG_WARN_INT_CONVERSION = YES;
				CLANG_WARN_NON_LITERAL_NULL_CONVERSION = YES;
				CLANG_WARN_OBJC_IMPLICIT_RETAIN_SELF = YES;
				CLANG_WARN_OBJC_LITERAL_CONVERSION = YES;
				CLANG_WARN_OBJC_ROOT_CLASS = YES_ERROR;
				CLANG_WARN_QUOTED_INCLUDE_IN_FRAMEWORK_HEADER = YES;
				CLANG_WARN_RANGE_LOOP_ANALYSIS = YES;
				CLANG_WARN_STRICT_PROTOTYPES = YES;
				CLANG_WARN_SUSPICIOUS_MOVE = YES;
				CLANG_WARN_UNGUARDED_AVAILABILITY = YES_AGGRESSIVE;
				CLANG_WARN_UNREACHABLE_CODE = YES;
				CLANG_WARN__DUPLICATE_METHOD_MATCH = YES;
				COPY_PHASE_STRIP = NO;
				DEBUG_INFORMATION_FORMAT = "dwarf-with-dsym";
				ENABLE_NS_ASSERTIONS = NO;
				ENABLE_STRICT_OBJC_MSGSEND = YES;
				ENABLE_USER_SCRIPT_SANDBOXING = YES;
				GCC_C_LANGUAGE_STANDARD = gnu17;
				GCC_NO_COMMON_BLOCKS = YES;
				GCC_WARN_64_TO_32_BIT_CONVERSION = YES;
				GCC_WARN_ABOUT_RETURN_TYPE = YES_ERROR;
				GCC_WARN_UNDECLARED_SELECTOR = YES;
				GCC_WARN_UNINITIALIZED_AUTOS = YES_AGGRESSIVE;
				GCC_WARN_UNUSED_FUNCTION = YES;
				GCC_WARN_UNUSED_VARIABLE = YES;
				IPHONEOS_DEPLOYMENT_TARGET = 17.5;
				LOCALIZATION_PREFERS_STRING_CATALOGS = YES;
				MTL_ENABLE_DEBUG_INFO = NO;
				MTL_FAST_MATH = YES;
				SDKROOT = iphoneos;
				SWIFT_COMPILATION_MODE = wholemodule;
				VALIDATE_PRODUCT = YES;
			};
			name = Release;
		};
		4EFC6B472C00940D00421377 /* Debug */ = {
			isa = XCBuildConfiguration;
			buildSettings = {
				ASSETCATALOG_COMPILER_APPICON_NAME = AppIcon;
				ASSETCATALOG_COMPILER_GLOBAL_ACCENT_COLOR_NAME = AccentColor;
				CODE_SIGN_STYLE = Automatic;
				CURRENT_PROJECT_VERSION = 1;
				DEVELOPMENT_TEAM = B44YL23J9X;
				GENERATE_INFOPLIST_FILE = YES;
				INFOPLIST_FILE = SeSACTravel/Info.plist;
				INFOPLIST_KEY_UIApplicationSupportsIndirectInputEvents = YES;
				INFOPLIST_KEY_UILaunchStoryboardName = LaunchScreen;
				INFOPLIST_KEY_UIMainStoryboardFile = Main;
				INFOPLIST_KEY_UISupportedInterfaceOrientations = UIInterfaceOrientationPortrait;
				INFOPLIST_KEY_UISupportedInterfaceOrientations_iPad = "UIInterfaceOrientationLandscapeLeft UIInterfaceOrientationLandscapeRight UIInterfaceOrientationPortrait UIInterfaceOrientationPortraitUpsideDown";
				IPHONEOS_DEPLOYMENT_TARGET = 16.0;
				LD_RUNPATH_SEARCH_PATHS = (
					"$(inherited)",
					"@executable_path/Frameworks",
				);
				MARKETING_VERSION = 1.0;
				PRODUCT_BUNDLE_IDENTIFIER = com.seosieve.SeSACTravel;
				PRODUCT_NAME = "$(TARGET_NAME)";
				SUPPORTED_PLATFORMS = "iphoneos iphonesimulator";
				SUPPORTS_MACCATALYST = NO;
				SUPPORTS_MAC_DESIGNED_FOR_IPHONE_IPAD = NO;
				SUPPORTS_XR_DESIGNED_FOR_IPHONE_IPAD = NO;
				SWIFT_EMIT_LOC_STRINGS = YES;
				SWIFT_VERSION = 5.0;
				TARGETED_DEVICE_FAMILY = 1;
			};
			name = Debug;
		};
		4EFC6B482C00940D00421377 /* Release */ = {
			isa = XCBuildConfiguration;
			buildSettings = {
				ASSETCATALOG_COMPILER_APPICON_NAME = AppIcon;
				ASSETCATALOG_COMPILER_GLOBAL_ACCENT_COLOR_NAME = AccentColor;
				CODE_SIGN_STYLE = Automatic;
				CURRENT_PROJECT_VERSION = 1;
				DEVELOPMENT_TEAM = B44YL23J9X;
				GENERATE_INFOPLIST_FILE = YES;
				INFOPLIST_FILE = SeSACTravel/Info.plist;
				INFOPLIST_KEY_UIApplicationSupportsIndirectInputEvents = YES;
				INFOPLIST_KEY_UILaunchStoryboardName = LaunchScreen;
				INFOPLIST_KEY_UIMainStoryboardFile = Main;
				INFOPLIST_KEY_UISupportedInterfaceOrientations = UIInterfaceOrientationPortrait;
				INFOPLIST_KEY_UISupportedInterfaceOrientations_iPad = "UIInterfaceOrientationLandscapeLeft UIInterfaceOrientationLandscapeRight UIInterfaceOrientationPortrait UIInterfaceOrientationPortraitUpsideDown";
				IPHONEOS_DEPLOYMENT_TARGET = 16.0;
				LD_RUNPATH_SEARCH_PATHS = (
					"$(inherited)",
					"@executable_path/Frameworks",
				);
				MARKETING_VERSION = 1.0;
				PRODUCT_BUNDLE_IDENTIFIER = com.seosieve.SeSACTravel;
				PRODUCT_NAME = "$(TARGET_NAME)";
				SUPPORTED_PLATFORMS = "iphoneos iphonesimulator";
				SUPPORTS_MACCATALYST = NO;
				SUPPORTS_MAC_DESIGNED_FOR_IPHONE_IPAD = NO;
				SUPPORTS_XR_DESIGNED_FOR_IPHONE_IPAD = NO;
				SWIFT_EMIT_LOC_STRINGS = YES;
				SWIFT_VERSION = 5.0;
				TARGETED_DEVICE_FAMILY = 1;
			};
			name = Release;
		};
/* End XCBuildConfiguration section */

/* Begin XCConfigurationList section */
		4EFC6B2D2C00940C00421377 /* Build configuration list for PBXProject "SeSACTravel" */ = {
			isa = XCConfigurationList;
			buildConfigurations = (
				4EFC6B442C00940D00421377 /* Debug */,
				4EFC6B452C00940D00421377 /* Release */,
			);
			defaultConfigurationIsVisible = 0;
			defaultConfigurationName = Release;
		};
		4EFC6B462C00940D00421377 /* Build configuration list for PBXNativeTarget "SeSACTravel" */ = {
			isa = XCConfigurationList;
			buildConfigurations = (
				4EFC6B472C00940D00421377 /* Debug */,
				4EFC6B482C00940D00421377 /* Release */,
			);
			defaultConfigurationIsVisible = 0;
			defaultConfigurationName = Release;
		};
/* End XCConfigurationList section */

/* Begin XCRemoteSwiftPackageReference section */
		4EFC6B572C01EC0600421377 /* XCRemoteSwiftPackageReference "Kingfisher" */ = {
			isa = XCRemoteSwiftPackageReference;
			repositoryURL = "https://github.com/onevcat/Kingfisher.git";
			requirement = {
				kind = upToNextMajorVersion;
				minimumVersion = 7.11.0;
			};
		};
/* End XCRemoteSwiftPackageReference section */

/* Begin XCSwiftPackageProductDependency section */
		4EFC6B582C01EC0600421377 /* Kingfisher */ = {
			isa = XCSwiftPackageProductDependency;
			package = 4EFC6B572C01EC0600421377 /* XCRemoteSwiftPackageReference "Kingfisher" */;
			productName = Kingfisher;
		};
/* End XCSwiftPackageProductDependency section */
	};
	rootObject = 4EFC6B2A2C00940C00421377 /* Project object */;
}
